
Microsoft Visual Studio Solution File, Format Version 12.00
# Visual Studio 2012
Project("{FAE04EC0-301F-11D3-BF4B-00C04F79EFBC}") = "FantasyCoinballApi", "FantasyCoinballApi\FantasyCoinballApi.csproj", "{D1AA0456-D440-4309-9225-F79C4E2B6AA8}"
EndProject
Project("{FAE04EC0-301F-11D3-BF4B-00C04F79EFBC}") = "FantasyCoinballApi.Tests", "FantasyCoinballApi.Tests\FantasyCoinballApi.Tests.csproj", "{90184D1C-9381-4E30-9E21-F5E9587342B6}"
EndProject
Global
	GlobalSection(SolutionConfigurationPlatforms) = preSolution
		Debug|Any CPU = Debug|Any CPU
		Release|Any CPU = Release|Any CPU
	EndGlobalSection
	GlobalSection(ProjectConfigurationPlatforms) = postSolution
		{D1AA0456-D440-4309-9225-F79C4E2B6AA8}.Debug|Any CPU.ActiveCfg = Debug|Any CPU
		{D1AA0456-D440-4309-9225-F79C4E2B6AA8}.Debug|Any CPU.Build.0 = Debug|Any CPU
		{D1AA0456-D440-4309-9225-F79C4E2B6AA8}.Release|Any CPU.ActiveCfg = Release|Any CPU
		{D1AA0456-D440-4309-9225-F79C4E2B6AA8}.Release|Any CPU.Build.0 = Release|Any CPU
		{90184D1C-9381-4E30-9E21-F5E9587342B6}.Debug|Any CPU.ActiveCfg = Debug|Any CPU
		{90184D1C-9381-4E30-9E21-F5E9587342B6}.Debug|Any CPU.Build.0 = Debug|Any CPU
		{90184D1C-9381-4E30-9E21-F5E9587342B6}.Release|Any CPU.ActiveCfg = Release|Any CPU
		{90184D1C-9381-4E30-9E21-F5E9587342B6}.Release|Any CPU.Build.0 = Release|Any CPU
	EndGlobalSection
EndGlobal
